// !$*UTF8*$!
{
	archiveVersion = 1;
	classes = {
	};
	objectVersion = 77;
	objects = {

/* Begin PBXBuildFile section */
		0887D644FE7C605D85BFB927 /* InterfaceCounters.c in Sources */ = {isa = PBXBuildFile; fileRef = 208308019ECFBA168606EB93 /* InterfaceCounters.c */; };
		097C75A709A947BA0FFB670A /* LaunchAtLoginManager.swift in Sources */ = {isa = PBXBuildFile; fileRef = 87432083DC01C442CD6DE19B /* LaunchAtLoginManager.swift */; };
		108574A3B60F37EEED17E26E /* UsageRepository.swift in Sources */ = {isa = PBXBuildFile; fileRef = 64253045AE0C25F4AE9DB5FC /* UsageRepository.swift */; };
		1466BF1B9C47C142F0CD1B9E /* SystemInterfaceCounterProvider.swift in Sources */ = {isa = PBXBuildFile; fileRef = B1FAA2A8B610A21D93DFC830 /* SystemInterfaceCounterProvider.swift */; };
		1DC5D84E935BF94EF03BEC59 /* UsageBillingTests.swift in Sources */ = {isa = PBXBuildFile; fileRef = 290AADA62B42D5762FE76A74 /* UsageBillingTests.swift */; };
		2B7A71AE34743CF3E4B497D8 /* SystemBridge.h in CopyFiles */ = {isa = PBXBuildFile; fileRef = 4E5C6E5BA8ECDB7EA5000BB3 /* SystemBridge.h */; };
		2CE54DB5315A0370AA8FEB7C /* libUsageCore.a in Frameworks */ = {isa = PBXBuildFile; fileRef = 2E7E0B0364F4C71A2A153F9C /* libUsageCore.a */; };
		2FC6C36D07D6BF77DF2D2B02 /* SQLiteUsageRepositoryTests.swift in Sources */ = {isa = PBXBuildFile; fileRef = 5FADB21F9BEBBA6D00F33E12 /* SQLiteUsageRepositoryTests.swift */; };
		35AC20B5D27BE6D542A86DC2 /* UsageModels.swift in Sources */ = {isa = PBXBuildFile; fileRef = F7F73ECD874F892836CBEB5B /* UsageModels.swift */; };
		38B7BD9EA727E5E6BD62C824 /* Assets.xcassets in Resources */ = {isa = PBXBuildFile; fileRef = 2A342AEFA419AFB5098C5D67 /* Assets.xcassets */; };
		3DA626985DECF24116CD549B /* RootView.swift in Sources */ = {isa = PBXBuildFile; fileRef = E4BBF682D33D85977C96E6CB /* RootView.swift */; };
		480658EAC6DB95848A485486 /* UsagePeriodTests.swift in Sources */ = {isa = PBXBuildFile; fileRef = A5BAC0FF65CA7AF50D08EEA7 /* UsagePeriodTests.swift */; };
		4AFBCDD7DC84DC1D64E9721A /* ApplicationDelegate.swift in Sources */ = {isa = PBXBuildFile; fileRef = FA46148AA480455FD43D5D2E /* ApplicationDelegate.swift */; };
		4CB9F0030C411542F547E8B4 /* ProcessNetworkSnapshot.swift in Sources */ = {isa = PBXBuildFile; fileRef = B76868546FB1615F87A15CDF /* ProcessNetworkSnapshot.swift */; };
		5EDE5D7CCB0CEE1F21E26075 /* libSystemBridge.a in Frameworks */ = {isa = PBXBuildFile; fileRef = 6D71270B4AE48429AE5A7494 /* libSystemBridge.a */; };
		613A543F7B1312A84F9892F7 /* UsageComponents.swift in Sources */ = {isa = PBXBuildFile; fileRef = CDEDD86F14BE3BEB4E0806F1 /* UsageComponents.swift */; };
		6DFA84D9C2EF1796D52F5615 /* WiFiUsageApp.swift in Sources */ = {isa = PBXBuildFile; fileRef = 5E0C29288156174F7B80F344 /* WiFiUsageApp.swift */; };
		769AB0E604F4A09E0C503835 /* module.modulemap in CopyFiles */ = {isa = PBXBuildFile; fileRef = 13DC4489329111A61045EFE8 /* module.modulemap */; };
		8CCB2BAF3636C1D0070F4D03 /* SQLiteUsageRepository.swift in Sources */ = {isa = PBXBuildFile; fileRef = 6382AE9665EDB08837F590BD /* SQLiteUsageRepository.swift */; };
		90C0E1149B69757EB1C33D87 /* UsageBilling.swift in Sources */ = {isa = PBXBuildFile; fileRef = FDD1DC280E1748F1F3D1AC5A /* UsageBilling.swift */; };
		92596F38F1BCA465BF5A3AF8 /* PlansView.swift in Sources */ = {isa = PBXBuildFile; fileRef = 242A8AB8884AE54D92D101E9 /* PlansView.swift */; };
		9C006255DC141E3A9F221D16 /* ApplicationsView.swift in Sources */ = {isa = PBXBuildFile; fileRef = CA3C128F7F90AA175B78A985 /* ApplicationsView.swift */; };
		A8227990FFA373EAC13CBAC9 /* DashboardView.swift in Sources */ = {isa = PBXBuildFile; fileRef = 24675F9AF3F5E66BFDF64451 /* DashboardView.swift */; };
		B57D07D260C4D4C065FCA5A1 /* MenuBarUsageView.swift in Sources */ = {isa = PBXBuildFile; fileRef = 6B7021181B213F344A24B5C3 /* MenuBarUsageView.swift */; };
		B9728397CDCBC94118BFACAB /* WiFiNetworkResolver.swift in Sources */ = {isa = PBXBuildFile; fileRef = 37693859721FB140399EAD60 /* WiFiNetworkResolver.swift */; };
		BDC36075A3A1994240A4B670 /* UsageDesign.swift in Sources */ = {isa = PBXBuildFile; fileRef = 43CB7D1762796A7E342DCB6E /* UsageDesign.swift */; };
		CD912A31824BF1A5DEE3F36C /* libUsageCore.a in Frameworks */ = {isa = PBXBuildFile; fileRef = 2E7E0B0364F4C71A2A153F9C /* libUsageCore.a */; };
		D4DC0FA1B63DE4ED5DE31ED8 /* ProcessNetworkSampler.swift in Sources */ = {isa = PBXBuildFile; fileRef = B1F0FA1A10664667CD1F3350 /* ProcessNetworkSampler.swift */; };
		D9E2BD54F3DAA5D05A755E7D /* ApplicationCostAllocator.swift in Sources */ = {isa = PBXBuildFile; fileRef = 7D5F01A173514C25D897C7E6 /* ApplicationCostAllocator.swift */; };
		DE88BA2B98418B8F12A62015 /* ProcessNetworkSnapshotTests.swift in Sources */ = {isa = PBXBuildFile; fileRef = 1AEC9E49F113D436F78510CA /* ProcessNetworkSnapshotTests.swift */; };
		DEFF5BE8983A2F2DB6DAA3CF /* SettingsView.swift in Sources */ = {isa = PBXBuildFile; fileRef = 773ECADD20998C1985FDE8E1 /* SettingsView.swift */; };
		E79B271703A07E01E021BA32 /* WiFiNetworksView.swift in Sources */ = {isa = PBXBuildFile; fileRef = 3013553743ED6312759D8B77 /* WiFiNetworksView.swift */; };
		EBA15BBFEBA151B412658B87 /* AppModel.swift in Sources */ = {isa = PBXBuildFile; fileRef = 6394DADCF59A640A8A410A00 /* AppModel.swift */; };
		F5A2DBD737430D632ECA32D6 /* PhysicalWiFiSampler.swift in Sources */ = {isa = PBXBuildFile; fileRef = 2AB9367576A4FC44031F1DF1 /* PhysicalWiFiSampler.swift */; };
		F5C9CDE1E7737D16028D56F8 /* UsagePeriod.swift in Sources */ = {isa = PBXBuildFile; fileRef = B1514254A68B763D816EF5DC /* UsagePeriod.swift */; };
		FB11EF3BD605C69C25F36F2F /* UsageFormatting.swift in Sources */ = {isa = PBXBuildFile; fileRef = CDF7C97610E7F81AEA68848B /* UsageFormatting.swift */; };
/* End PBXBuildFile section */

/* Begin PBXContainerItemProxy section */
		464C9CC1B56DB833BDDEA7B5 /* PBXContainerItemProxy */ = {
			isa = PBXContainerItemProxy;
			containerPortal = 68A8C7ADFFA269552411677F /* Project object */;
			proxyType = 1;
			remoteGlobalIDString = 83B5538B78AFC38038A4716B;
			remoteInfo = UsageCore;
		};
		91BED4D623BADE405C61FCB9 /* PBXContainerItemProxy */ = {
			isa = PBXContainerItemProxy;
			containerPortal = 68A8C7ADFFA269552411677F /* Project object */;
			proxyType = 1;
			remoteGlobalIDString = 39FFD188751BA6606E86CE62;
			remoteInfo = SystemBridge;
		};
		99667A6016D8C0437666A4C4 /* PBXContainerItemProxy */ = {
			isa = PBXContainerItemProxy;
			containerPortal = 68A8C7ADFFA269552411677F /* Project object */;
			proxyType = 1;
			remoteGlobalIDString = 83B5538B78AFC38038A4716B;
			remoteInfo = UsageCore;
		};
/* End PBXContainerItemProxy section */

/* Begin PBXCopyFilesBuildPhase section */
		025F9C92D7B6BE35104D3014 /* CopyFiles */ = {
			isa = PBXCopyFilesBuildPhase;
			buildActionMask = 2147483647;
			dstPath = "include/$(PRODUCT_NAME)";
			dstSubfolderSpec = 16;
			files = (
				2B7A71AE34743CF3E4B497D8 /* SystemBridge.h in CopyFiles */,
				769AB0E604F4A09E0C503835 /* module.modulemap in CopyFiles */,
			);
			runOnlyForDeploymentPostprocessing = 0;
		};
/* End PBXCopyFilesBuildPhase section */

/* Begin PBXFileReference section */
		07233D2B13E0C21D3A098109 /* UsageCore-Info.plist */ = {isa = PBXFileReference; lastKnownFileType = text.plist; path = "UsageCore-Info.plist"; sourceTree = "<group>"; };
		13DC4489329111A61045EFE8 /* module.modulemap */ = {isa = PBXFileReference; lastKnownFileType = "sourcecode.module-map"; path = module.modulemap; sourceTree = "<group>"; };
		1AEC9E49F113D436F78510CA /* ProcessNetworkSnapshotTests.swift */ = {isa = PBXFileReference; lastKnownFileType = sourcecode.swift; path = ProcessNetworkSnapshotTests.swift; sourceTree = "<group>"; };
		208308019ECFBA168606EB93 /* InterfaceCounters.c */ = {isa = PBXFileReference; lastKnownFileType = sourcecode.c.c; path = InterfaceCounters.c; sourceTree = "<group>"; };
		242A8AB8884AE54D92D101E9 /* PlansView.swift */ = {isa = PBXFileReference; lastKnownFileType = sourcecode.swift; path = PlansView.swift; sourceTree = "<group>"; };
		24675F9AF3F5E66BFDF64451 /* DashboardView.swift */ = {isa = PBXFileReference; lastKnownFileType = sourcecode.swift; path = DashboardView.swift; sourceTree = "<group>"; };
		290AADA62B42D5762FE76A74 /* UsageBillingTests.swift */ = {isa = PBXFileReference; lastKnownFileType = sourcecode.swift; path = UsageBillingTests.swift; sourceTree = "<group>"; };
		2A342AEFA419AFB5098C5D67 /* Assets.xcassets */ = {isa = PBXFileReference; lastKnownFileType = folder.assetcatalog; path = Assets.xcassets; sourceTree = "<group>"; };
		2AB9367576A4FC44031F1DF1 /* PhysicalWiFiSampler.swift */ = {isa = PBXFileReference; lastKnownFileType = sourcecode.swift; path = PhysicalWiFiSampler.swift; sourceTree = "<group>"; };
		2E7E0B0364F4C71A2A153F9C /* libUsageCore.a */ = {isa = PBXFileReference; explicitFileType = archive.ar; includeInIndex = 0; path = libUsageCore.a; sourceTree = BUILT_PRODUCTS_DIR; };
		3013553743ED6312759D8B77 /* WiFiNetworksView.swift */ = {isa = PBXFileReference; lastKnownFileType = sourcecode.swift; path = WiFiNetworksView.swift; sourceTree = "<group>"; };
		37693859721FB140399EAD60 /* WiFiNetworkResolver.swift */ = {isa = PBXFileReference; lastKnownFileType = sourcecode.swift; path = WiFiNetworkResolver.swift; sourceTree = "<group>"; };
		43CB7D1762796A7E342DCB6E /* UsageDesign.swift */ = {isa = PBXFileReference; lastKnownFileType = sourcecode.swift; path = UsageDesign.swift; sourceTree = "<group>"; };
		4E5C6E5BA8ECDB7EA5000BB3 /* SystemBridge.h */ = {isa = PBXFileReference; lastKnownFileType = sourcecode.c.h; path = SystemBridge.h; sourceTree = "<group>"; };
		5E0C29288156174F7B80F344 /* WiFiUsageApp.swift */ = {isa = PBXFileReference; lastKnownFileType = sourcecode.swift; path = WiFiUsageApp.swift; sourceTree = "<group>"; };
		5FADB21F9BEBBA6D00F33E12 /* SQLiteUsageRepositoryTests.swift */ = {isa = PBXFileReference; lastKnownFileType = sourcecode.swift; path = SQLiteUsageRepositoryTests.swift; sourceTree = "<group>"; };
		6382AE9665EDB08837F590BD /* SQLiteUsageRepository.swift */ = {isa = PBXFileReference; lastKnownFileType = sourcecode.swift; path = SQLiteUsageRepository.swift; sourceTree = "<group>"; };
		6394DADCF59A640A8A410A00 /* AppModel.swift */ = {isa = PBXFileReference; lastKnownFileType = sourcecode.swift; path = AppModel.swift; sourceTree = "<group>"; };
		64253045AE0C25F4AE9DB5FC /* UsageRepository.swift */ = {isa = PBXFileReference; lastKnownFileType = sourcecode.swift; path = UsageRepository.swift; sourceTree = "<group>"; };
		6B7021181B213F344A24B5C3 /* MenuBarUsageView.swift */ = {isa = PBXFileReference; lastKnownFileType = sourcecode.swift; path = MenuBarUsageView.swift; sourceTree = "<group>"; };
		6D71270B4AE48429AE5A7494 /* libSystemBridge.a */ = {isa = PBXFileReference; explicitFileType = archive.ar; includeInIndex = 0; path = libSystemBridge.a; sourceTree = BUILT_PRODUCTS_DIR; };
		773ECADD20998C1985FDE8E1 /* SettingsView.swift */ = {isa = PBXFileReference; lastKnownFileType = sourcecode.swift; path = SettingsView.swift; sourceTree = "<group>"; };
		7D5F01A173514C25D897C7E6 /* ApplicationCostAllocator.swift */ = {isa = PBXFileReference; lastKnownFileType = sourcecode.swift; path = ApplicationCostAllocator.swift; sourceTree = "<group>"; };
		87432083DC01C442CD6DE19B /* LaunchAtLoginManager.swift */ = {isa = PBXFileReference; lastKnownFileType = sourcecode.swift; path = LaunchAtLoginManager.swift; sourceTree = "<group>"; };
		A48C360D73D0556CF94BAEAE /* WiFiUsage.entitlements */ = {isa = PBXFileReference; lastKnownFileType = text.plist.entitlements; path = WiFiUsage.entitlements; sourceTree = "<group>"; };
		A5BAC0FF65CA7AF50D08EEA7 /* UsagePeriodTests.swift */ = {isa = PBXFileReference; lastKnownFileType = sourcecode.swift; path = UsagePeriodTests.swift; sourceTree = "<group>"; };
		B1514254A68B763D816EF5DC /* UsagePeriod.swift */ = {isa = PBXFileReference; lastKnownFileType = sourcecode.swift; path = UsagePeriod.swift; sourceTree = "<group>"; };
		B1F0FA1A10664667CD1F3350 /* ProcessNetworkSampler.swift */ = {isa = PBXFileReference; lastKnownFileType = sourcecode.swift; path = ProcessNetworkSampler.swift; sourceTree = "<group>"; };
		B1FAA2A8B610A21D93DFC830 /* SystemInterfaceCounterProvider.swift */ = {isa = PBXFileReference; lastKnownFileType = sourcecode.swift; path = SystemInterfaceCounterProvider.swift; sourceTree = "<group>"; };
		B65A5A067B758E8CE0410DC2 /* WiFiUsage-Info.plist */ = {isa = PBXFileReference; lastKnownFileType = text.plist; path = "WiFiUsage-Info.plist"; sourceTree = "<group>"; };
		B76868546FB1615F87A15CDF /* ProcessNetworkSnapshot.swift */ = {isa = PBXFileReference; lastKnownFileType = sourcecode.swift; path = ProcessNetworkSnapshot.swift; sourceTree = "<group>"; };
		CA3C128F7F90AA175B78A985 /* ApplicationsView.swift */ = {isa = PBXFileReference; lastKnownFileType = sourcecode.swift; path = ApplicationsView.swift; sourceTree = "<group>"; };
		CDEDD86F14BE3BEB4E0806F1 /* UsageComponents.swift */ = {isa = PBXFileReference; lastKnownFileType = sourcecode.swift; path = UsageComponents.swift; sourceTree = "<group>"; };
		CDF7C97610E7F81AEA68848B /* UsageFormatting.swift */ = {isa = PBXFileReference; lastKnownFileType = sourcecode.swift; path = UsageFormatting.swift; sourceTree = "<group>"; };
		E4BBF682D33D85977C96E6CB /* RootView.swift */ = {isa = PBXFileReference; lastKnownFileType = sourcecode.swift; path = RootView.swift; sourceTree = "<group>"; };
		E942DC35DC785971DD55938B /* WiFiUsage.app */ = {isa = PBXFileReference; explicitFileType = wrapper.application; includeInIndex = 0; path = WiFiUsage.app; sourceTree = BUILT_PRODUCTS_DIR; };
		F7A54CCA9C9A3462F4BBB650 /* UsageCoreTests.xctest */ = {isa = PBXFileReference; explicitFileType = wrapper.cfbundle; includeInIndex = 0; path = UsageCoreTests.xctest; sourceTree = BUILT_PRODUCTS_DIR; };
		F7F73ECD874F892836CBEB5B /* UsageModels.swift */ = {isa = PBXFileReference; lastKnownFileType = sourcecode.swift; path = UsageModels.swift; sourceTree = "<group>"; };
		FA46148AA480455FD43D5D2E /* ApplicationDelegate.swift */ = {isa = PBXFileReference; lastKnownFileType = sourcecode.swift; path = ApplicationDelegate.swift; sourceTree = "<group>"; };
		FDD1DC280E1748F1F3D1AC5A /* UsageBilling.swift */ = {isa = PBXFileReference; lastKnownFileType = sourcecode.swift; path = UsageBilling.swift; sourceTree = "<group>"; };
/* End PBXFileReference section */

/* Begin PBXFrameworksBuildPhase section */
		239922144A0743223A167573 /* Frameworks */ = {
			isa = PBXFrameworksBuildPhase;
			buildActionMask = 2147483647;
			files = (
				CD912A31824BF1A5DEE3F36C /* libUsageCore.a in Frameworks */,
				5EDE5D7CCB0CEE1F21E26075 /* libSystemBridge.a in Frameworks */,
			);
			runOnlyForDeploymentPostprocessing = 0;
		};
		8F49842903021788B9DFD8EA /* Frameworks */ = {
			isa = PBXFrameworksBuildPhase;
			buildActionMask = 2147483647;
			files = (
				2CE54DB5315A0370AA8FEB7C /* libUsageCore.a in Frameworks */,
			);
			runOnlyForDeploymentPostprocessing = 0;
		};
/* End PBXFrameworksBuildPhase section */

/* Begin PBXGroup section */
		1A5B6E0C429BF58DA8D9650F /* Tests */ = {
			isa = PBXGroup;
			children = (
				D067BD868DAE8E3942170F72 /* UsageCoreTests */,
			);
			path = Tests;
			sourceTree = "<group>";
		};
		209E85F793212693126BE498 /* Models */ = {
			isa = PBXGroup;
			children = (
				F7F73ECD874F892836CBEB5B /* UsageModels.swift */,
			);
			path = Models;
			sourceTree = "<group>";
		};
		21F6FD4936AEA426AF158204 /* App */ = {
			isa = PBXGroup;
			children = (
				AA2780A562AC3E3297D41753 /* Application */,
				E794E858F8214E4D5DB7CD4D /* Applications */,
				9702D373EBC6033E9C8DD812 /* Dashboard */,
				9F7AB143890DD7D32CF0A742 /* FilterManagement */,
				ECC5FD7BD86858891BF0DBD0 /* MenuBar */,
				3D91BCEE2498B797BD7DCFA2 /* Plans */,
				86F11C71056A345CA4E3774E /* Sampling */,
				39517CA29DF553379CE80971 /* Settings */,
				70F8DFB4414D8EBF1454288C /* Shared */,
				824E40D74C737863D24687D4 /* WiFiNetworks */,
			);
			path = App;
			sourceTree = "<group>";
		};
		2556CF4675F689E1171B88BF /* Sources */ = {
			isa = PBXGroup;
			children = (
				21F6FD4936AEA426AF158204 /* App */,
				72FDD9FAA593120F21E6AB64 /* SystemBridge */,
				5BB8ABED18A79AA0FDAC1DC6 /* UsageCore */,
			);
			path = Sources;
			sourceTree = "<group>";
		};
		384F2016D95110F934C4EB8E /* WidgetSnapshot */ = {
			isa = PBXGroup;
			children = (
			);
			path = WidgetSnapshot;
			sourceTree = "<group>";
		};
		39517CA29DF553379CE80971 /* Settings */ = {
			isa = PBXGroup;
			children = (
				87432083DC01C442CD6DE19B /* LaunchAtLoginManager.swift */,
				773ECADD20998C1985FDE8E1 /* SettingsView.swift */,
			);
			path = Settings;
			sourceTree = "<group>";
		};
		3D91BCEE2498B797BD7DCFA2 /* Plans */ = {
			isa = PBXGroup;
			children = (
				242A8AB8884AE54D92D101E9 /* PlansView.swift */,
			);
			path = Plans;
			sourceTree = "<group>";
		};
		5BB8ABED18A79AA0FDAC1DC6 /* UsageCore */ = {
			isa = PBXGroup;
			children = (
				88736ACD1B8ED4829AD9ABE1 /* Aggregation */,
				B7D26136C67D0BF9E0FAF5BA /* Billing */,
				DB763F13CCB7DAEDC2BCD8CE /* DateRanges */,
				209E85F793212693126BE498 /* Models */,
				E5503313DE9BFBC3BC1E13F0 /* ProcessSampling */,
				BCB07187AE49E338A7BA93D1 /* Storage */,
				384F2016D95110F934C4EB8E /* WidgetSnapshot */,
			);
			path = UsageCore;
			sourceTree = "<group>";
		};
		70F8DFB4414D8EBF1454288C /* Shared */ = {
			isa = PBXGroup;
			children = (
				6394DADCF59A640A8A410A00 /* AppModel.swift */,
				CDEDD86F14BE3BEB4E0806F1 /* UsageComponents.swift */,
				43CB7D1762796A7E342DCB6E /* UsageDesign.swift */,
				CDF7C97610E7F81AEA68848B /* UsageFormatting.swift */,
			);
			path = Shared;
			sourceTree = "<group>";
		};
		72FDD9FAA593120F21E6AB64 /* SystemBridge */ = {
			isa = PBXGroup;
			children = (
				F5B6A6DC942BE7946F1F5670 /* include */,
				208308019ECFBA168606EB93 /* InterfaceCounters.c */,
			);
			path = SystemBridge;
			sourceTree = "<group>";
		};
		824E40D74C737863D24687D4 /* WiFiNetworks */ = {
			isa = PBXGroup;
			children = (
				3013553743ED6312759D8B77 /* WiFiNetworksView.swift */,
			);
			path = WiFiNetworks;
			sourceTree = "<group>";
		};
		86F11C71056A345CA4E3774E /* Sampling */ = {
			isa = PBXGroup;
			children = (
				2AB9367576A4FC44031F1DF1 /* PhysicalWiFiSampler.swift */,
				B1F0FA1A10664667CD1F3350 /* ProcessNetworkSampler.swift */,
				B1FAA2A8B610A21D93DFC830 /* SystemInterfaceCounterProvider.swift */,
				37693859721FB140399EAD60 /* WiFiNetworkResolver.swift */,
			);
			path = Sampling;
			sourceTree = "<group>";
		};
		88736ACD1B8ED4829AD9ABE1 /* Aggregation */ = {
			isa = PBXGroup;
			children = (
				7D5F01A173514C25D897C7E6 /* ApplicationCostAllocator.swift */,
			);
			path = Aggregation;
			sourceTree = "<group>";
		};
		9702D373EBC6033E9C8DD812 /* Dashboard */ = {
			isa = PBXGroup;
			children = (
				24675F9AF3F5E66BFDF64451 /* DashboardView.swift */,
			);
			path = Dashboard;
			sourceTree = "<group>";
		};
		9F7AB143890DD7D32CF0A742 /* FilterManagement */ = {
			isa = PBXGroup;
			children = (
			);
			path = FilterManagement;
			sourceTree = "<group>";
		};
		AA2780A562AC3E3297D41753 /* Application */ = {
			isa = PBXGroup;
			children = (
				FA46148AA480455FD43D5D2E /* ApplicationDelegate.swift */,
				E4BBF682D33D85977C96E6CB /* RootView.swift */,
				5E0C29288156174F7B80F344 /* WiFiUsageApp.swift */,
			);
			path = Application;
			sourceTree = "<group>";
		};
		B7D26136C67D0BF9E0FAF5BA /* Billing */ = {
			isa = PBXGroup;
			children = (
				FDD1DC280E1748F1F3D1AC5A /* UsageBilling.swift */,
			);
			path = Billing;
			sourceTree = "<group>";
		};
		BCB07187AE49E338A7BA93D1 /* Storage */ = {
			isa = PBXGroup;
			children = (
				6382AE9665EDB08837F590BD /* SQLiteUsageRepository.swift */,
				64253045AE0C25F4AE9DB5FC /* UsageRepository.swift */,
			);
			path = Storage;
			sourceTree = "<group>";
		};
		C947E99B989C390F796F1108 /* Products */ = {
			isa = PBXGroup;
			children = (
				6D71270B4AE48429AE5A7494 /* libSystemBridge.a */,
				2E7E0B0364F4C71A2A153F9C /* libUsageCore.a */,
				F7A54CCA9C9A3462F4BBB650 /* UsageCoreTests.xctest */,
				E942DC35DC785971DD55938B /* WiFiUsage.app */,
			);
			name = Products;
			sourceTree = "<group>";
		};
		D067BD868DAE8E3942170F72 /* UsageCoreTests */ = {
			isa = PBXGroup;
			children = (
				1AEC9E49F113D436F78510CA /* ProcessNetworkSnapshotTests.swift */,
				5FADB21F9BEBBA6D00F33E12 /* SQLiteUsageRepositoryTests.swift */,
				290AADA62B42D5762FE76A74 /* UsageBillingTests.swift */,
				A5BAC0FF65CA7AF50D08EEA7 /* UsagePeriodTests.swift */,
			);
			path = UsageCoreTests;
			sourceTree = "<group>";
		};
		D8E827A52387DCE242CC4AAF /* Config */ = {
			isa = PBXGroup;
			children = (
				2A342AEFA419AFB5098C5D67 /* Assets.xcassets */,
				07233D2B13E0C21D3A098109 /* UsageCore-Info.plist */,
				B65A5A067B758E8CE0410DC2 /* WiFiUsage-Info.plist */,
				A48C360D73D0556CF94BAEAE /* WiFiUsage.entitlements */,
			);
			path = Config;
			sourceTree = "<group>";
		};
		DB763F13CCB7DAEDC2BCD8CE /* DateRanges */ = {
			isa = PBXGroup;
			children = (
				B1514254A68B763D816EF5DC /* UsagePeriod.swift */,
			);
			path = DateRanges;
			sourceTree = "<group>";
		};
		E14B5BE30AB4389B3512BDEF = {
			isa = PBXGroup;
			children = (
				D8E827A52387DCE242CC4AAF /* Config */,
				2556CF4675F689E1171B88BF /* Sources */,
				1A5B6E0C429BF58DA8D9650F /* Tests */,
				C947E99B989C390F796F1108 /* Products */,
			);
			sourceTree = "<group>";
		};
		E5503313DE9BFBC3BC1E13F0 /* ProcessSampling */ = {
			isa = PBXGroup;
			children = (
				B76868546FB1615F87A15CDF /* ProcessNetworkSnapshot.swift */,
			);
			path = ProcessSampling;
			sourceTree = "<group>";
		};
		E794E858F8214E4D5DB7CD4D /* Applications */ = {
			isa = PBXGroup;
			children = (
				CA3C128F7F90AA175B78A985 /* ApplicationsView.swift */,
			);
			path = Applications;
			sourceTree = "<group>";
		};
		ECC5FD7BD86858891BF0DBD0 /* MenuBar */ = {
			isa = PBXGroup;
			children = (
				6B7021181B213F344A24B5C3 /* MenuBarUsageView.swift */,
			);
			path = MenuBar;
			sourceTree = "<group>";
		};
		F5B6A6DC942BE7946F1F5670 /* include */ = {
			isa = PBXGroup;
			children = (
				13DC4489329111A61045EFE8 /* module.modulemap */,
				4E5C6E5BA8ECDB7EA5000BB3 /* SystemBridge.h */,
			);
			path = include;
			sourceTree = "<group>";
		};
/* End PBXGroup section */

/* Begin PBXNativeTarget section */
		39FFD188751BA6606E86CE62 /* SystemBridge */ = {
			isa = PBXNativeTarget;
			buildConfigurationList = 15D4521AD04CCFA4566ACCB7 /* Build configuration list for PBXNativeTarget "SystemBridge" */;
			buildPhases = (
				025F9C92D7B6BE35104D3014 /* CopyFiles */,
				18E7FD2D30C20F151A6B87A4 /* Sources */,
			);
			buildRules = (
			);
			dependencies = (
			);
			name = SystemBridge;
			packageProductDependencies = (
			);
			productName = SystemBridge;
			productReference = 6D71270B4AE48429AE5A7494 /* libSystemBridge.a */;
			productType = "com.apple.product-type.library.static";
		};
		3CA1CA1C88F90633AEAC3398 /* UsageCoreTests */ = {
			isa = PBXNativeTarget;
			buildConfigurationList = C68B66937036B269B58492BC /* Build configuration list for PBXNativeTarget "UsageCoreTests" */;
			buildPhases = (
				8CE31CE9C19BA8ABB8F28FBE /* Sources */,
				8F49842903021788B9DFD8EA /* Frameworks */,
			);
			buildRules = (
			);
			dependencies = (
				9DC75DFCE8B62027641FD5EA /* PBXTargetDependency */,
			);
			name = UsageCoreTests;
			packageProductDependencies = (
			);
			productName = UsageCoreTests;
			productReference = F7A54CCA9C9A3462F4BBB650 /* UsageCoreTests.xctest */;
			productType = "com.apple.product-type.bundle.unit-test";
		};
		83B5538B78AFC38038A4716B /* UsageCore */ = {
			isa = PBXNativeTarget;
			buildConfigurationList = 4EEA91716204B96334D673C4 /* Build configuration list for PBXNativeTarget "UsageCore" */;
			buildPhases = (
				14455D722DBDA5CB9251FB7B /* Sources */,
				266ECFD87A4BFAA15E99E84F /* Copy Swift Objective-C Interface Header */,
			);
			buildRules = (
			);
			dependencies = (
			);
			name = UsageCore;
			packageProductDependencies = (
			);
			productName = UsageCore;
			productReference = 2E7E0B0364F4C71A2A153F9C /* libUsageCore.a */;
			productType = "com.apple.product-type.library.static";
		};
		A35BAA968CDB6596FB25D8C5 /* WiFiUsage */ = {
			isa = PBXNativeTarget;
			buildConfigurationList = 2CAEF639346A77C7046C833E /* Build configuration list for PBXNativeTarget "WiFiUsage" */;
			buildPhases = (
				76C888DA6850B12C845D51A7 /* Sources */,
				5B53C01451DDBBF0CCB3BA07 /* Resources */,
				239922144A0743223A167573 /* Frameworks */,
			);
			buildRules = (
			);
			dependencies = (
				399B76CA324240910078BBF8 /* PBXTargetDependency */,
				2580B5504599DFEC32F572F5 /* PBXTargetDependency */,
			);
			name = WiFiUsage;
			packageProductDependencies = (
			);
			productName = WiFiUsage;
			productReference = E942DC35DC785971DD55938B /* WiFiUsage.app */;
			productType = "com.apple.product-type.application";
		};
/* End PBXNativeTarget section */

/* Begin PBXProject section */
		68A8C7ADFFA269552411677F /* Project object */ = {
			isa = PBXProject;
			attributes = {
				BuildIndependentTargetsInParallel = YES;
				LastUpgradeCheck = 1430;
				TargetAttributes = {
					39FFD188751BA6606E86CE62 = {
						ProvisioningStyle = Manual;
					};
					3CA1CA1C88F90633AEAC3398 = {
						ProvisioningStyle = Manual;
					};
					83B5538B78AFC38038A4716B = {
						ProvisioningStyle = Manual;
					};
				};
			};
			buildConfigurationList = 275ADEBE397A7BAA3586B4E4 /* Build configuration list for PBXProject "WiFiUsage" */;
			developmentRegion = en;
			hasScannedForEncodings = 0;
			knownRegions = (
				Base,
				en,
			);
			mainGroup = E14B5BE30AB4389B3512BDEF;
			minimizedProjectReferenceProxies = 1;
			preferredProjectObjectVersion = 77;
			productRefGroup = C947E99B989C390F796F1108 /* Products */;
			projectDirPath = "";
			projectRoot = "";
			targets = (
				39FFD188751BA6606E86CE62 /* SystemBridge */,
				83B5538B78AFC38038A4716B /* UsageCore */,
				3CA1CA1C88F90633AEAC3398 /* UsageCoreTests */,
				A35BAA968CDB6596FB25D8C5 /* WiFiUsage */,
			);
		};
/* End PBXProject section */

/* Begin PBXResourcesBuildPhase section */
		5B53C01451DDBBF0CCB3BA07 /* Resources */ = {
			isa = PBXResourcesBuildPhase;
			buildActionMask = 2147483647;
			files = (
				38B7BD9EA727E5E6BD62C824 /* Assets.xcassets in Resources */,
			);
			runOnlyForDeploymentPostprocessing = 0;
		};
/* End PBXResourcesBuildPhase section */

/* Begin PBXShellScriptBuildPhase section */
		266ECFD87A4BFAA15E99E84F /* Copy Swift Objective-C Interface Header */ = {
			isa = PBXShellScriptBuildPhase;
			buildActionMask = 2147483647;
			files = (
			);
			inputPaths = (
				"$(DERIVED_SOURCES_DIR)/$(SWIFT_OBJC_INTERFACE_HEADER_NAME)",
			);
			name = "Copy Swift Objective-C Interface Header";
			outputPaths = (
				"$(BUILT_PRODUCTS_DIR)/include/$(PRODUCT_MODULE_NAME)/$(SWIFT_OBJC_INTERFACE_HEADER_NAME)",
			);
			runOnlyForDeploymentPostprocessing = 0;
			shellPath = /bin/sh;
			shellScript = "ditto \"${SCRIPT_INPUT_FILE_0}\" \"${SCRIPT_OUTPUT_FILE_0}\"\n";
		};
/* End PBXShellScriptBuildPhase section */

/* Begin PBXSourcesBuildPhase section */
		14455D722DBDA5CB9251FB7B /* Sources */ = {
			isa = PBXSourcesBuildPhase;
			buildActionMask = 2147483647;
			files = (
				D9E2BD54F3DAA5D05A755E7D /* ApplicationCostAllocator.swift in Sources */,
				4CB9F0030C411542F547E8B4 /* ProcessNetworkSnapshot.swift in Sources */,
				8CCB2BAF3636C1D0070F4D03 /* SQLiteUsageRepository.swift in Sources */,
				90C0E1149B69757EB1C33D87 /* UsageBilling.swift in Sources */,
				35AC20B5D27BE6D542A86DC2 /* UsageModels.swift in Sources */,
				F5C9CDE1E7737D16028D56F8 /* UsagePeriod.swift in Sources */,
				108574A3B60F37EEED17E26E /* UsageRepository.swift in Sources */,
			);
			runOnlyForDeploymentPostprocessing = 0;
		};
		18E7FD2D30C20F151A6B87A4 /* Sources */ = {
			isa = PBXSourcesBuildPhase;
			buildActionMask = 2147483647;
			files = (
				0887D644FE7C605D85BFB927 /* InterfaceCounters.c in Sources */,
			);
			runOnlyForDeploymentPostprocessing = 0;
		};
		76C888DA6850B12C845D51A7 /* Sources */ = {
			isa = PBXSourcesBuildPhase;
			buildActionMask = 2147483647;
			files = (
				EBA15BBFEBA151B412658B87 /* AppModel.swift in Sources */,
				4AFBCDD7DC84DC1D64E9721A /* ApplicationDelegate.swift in Sources */,
				9C006255DC141E3A9F221D16 /* ApplicationsView.swift in Sources */,
				A8227990FFA373EAC13CBAC9 /* DashboardView.swift in Sources */,
				097C75A709A947BA0FFB670A /* LaunchAtLoginManager.swift in Sources */,
				B57D07D260C4D4C065FCA5A1 /* MenuBarUsageView.swift in Sources */,
				F5A2DBD737430D632ECA32D6 /* PhysicalWiFiSampler.swift in Sources */,
				92596F38F1BCA465BF5A3AF8 /* PlansView.swift in Sources */,
				D4DC0FA1B63DE4ED5DE31ED8 /* ProcessNetworkSampler.swift in Sources */,
				3DA626985DECF24116CD549B /* RootView.swift in Sources */,
				DEFF5BE8983A2F2DB6DAA3CF /* SettingsView.swift in Sources */,
				1466BF1B9C47C142F0CD1B9E /* SystemInterfaceCounterProvider.swift in Sources */,
				613A543F7B1312A84F9892F7 /* UsageComponents.swift in Sources */,
				BDC36075A3A1994240A4B670 /* UsageDesign.swift in Sources */,
				FB11EF3BD605C69C25F36F2F /* UsageFormatting.swift in Sources */,
				B9728397CDCBC94118BFACAB /* WiFiNetworkResolver.swift in Sources */,
				E79B271703A07E01E021BA32 /* WiFiNetworksView.swift in Sources */,
				6DFA84D9C2EF1796D52F5615 /* WiFiUsageApp.swift in Sources */,
			);
			runOnlyForDeploymentPostprocessing = 0;
		};
		8CE31CE9C19BA8ABB8F28FBE /* Sources */ = {
			isa = PBXSourcesBuildPhase;
			buildActionMask = 2147483647;
			files = (
				DE88BA2B98418B8F12A62015 /* ProcessNetworkSnapshotTests.swift in Sources */,
				2FC6C36D07D6BF77DF2D2B02 /* SQLiteUsageRepositoryTests.swift in Sources */,
				1DC5D84E935BF94EF03BEC59 /* UsageBillingTests.swift in Sources */,
				480658EAC6DB95848A485486 /* UsagePeriodTests.swift in Sources */,
			);
			runOnlyForDeploymentPostprocessing = 0;
		};
/* End PBXSourcesBuildPhase section */

/* Begin PBXTargetDependency section */
		2580B5504599DFEC32F572F5 /* PBXTargetDependency */ = {
			isa = PBXTargetDependency;
			target = 39FFD188751BA6606E86CE62 /* SystemBridge */;
			targetProxy = 91BED4D623BADE405C61FCB9 /* PBXContainerItemProxy */;
		};
		399B76CA324240910078BBF8 /* PBXTargetDependency */ = {
			isa = PBXTargetDependency;
			target = 83B5538B78AFC38038A4716B /* UsageCore */;
			targetProxy = 99667A6016D8C0437666A4C4 /* PBXContainerItemProxy */;
		};
		9DC75DFCE8B62027641FD5EA /* PBXTargetDependency */ = {
			isa = PBXTargetDependency;
			target = 83B5538B78AFC38038A4716B /* UsageCore */;
			targetProxy = 464C9CC1B56DB833BDDEA7B5 /* PBXContainerItemProxy */;
		};
/* End PBXTargetDependency section */

/* Begin XCBuildConfiguration section */
		0D974F4D679DF4ECBCFB53A2 /* Release */ = {
			isa = XCBuildConfiguration;
			buildSettings = {
				COMBINE_HIDPI_IMAGES = YES;
				DEFINES_MODULE = YES;
				HEADER_SEARCH_PATHS = (
					"$(inherited)",
					"$(SRCROOT)/Sources/SystemBridge/include",
				);
				LD_RUNPATH_SEARCH_PATHS = (
					"$(inherited)",
					"@executable_path/../Frameworks",
				);
				MACOSX_DEPLOYMENT_TARGET = 14.0;
				PRODUCT_BUNDLE_IDENTIFIER = one.xjp.WiFiUsage.SystemBridge;
				PRODUCT_MODULE_NAME = SystemBridge;
				PRODUCT_NAME = SystemBridge;
				PUBLIC_HEADERS_FOLDER_PATH = include/SystemBridge;
				SDKROOT = macosx;
				SKIP_INSTALL = YES;
			};
			name = Release;
		};
		1B9F1EA01F0013ECFB53EA0B /* Release */ = {
			isa = XCBuildConfiguration;
			buildSettings = {
				BUNDLE_LOADER = "";
				COMBINE_HIDPI_IMAGES = YES;
				GENERATE_INFOPLIST_FILE = YES;
				LD_RUNPATH_SEARCH_PATHS = (
					"$(inherited)",
					"@executable_path/../Frameworks",
					"@loader_path/../Frameworks",
				);
				MACOSX_DEPLOYMENT_TARGET = 14.0;
				OTHER_LDFLAGS = (
					"$(inherited)",
					"-ObjC",
				);
				PRODUCT_BUNDLE_IDENTIFIER = one.xjp.WiFiUsage.UsageCoreTests;
				PRODUCT_NAME = UsageCoreTests;
				SDKROOT = macosx;
				SKIP_INSTALL = YES;
				TEST_HOST = "";
			};
			name = Release;
		};
		1C7DECAB41C8E6D6784DA16B /* Debug */ = {
			isa = XCBuildConfiguration;
			buildSettings = {
				COMBINE_HIDPI_IMAGES = YES;
				DEFINES_MODULE = YES;
				HEADER_SEARCH_PATHS = (
					"$(inherited)",
					"$(SRCROOT)/Sources/SystemBridge/include",
				);
				LD_RUNPATH_SEARCH_PATHS = (
					"$(inherited)",
					"@executable_path/../Frameworks",
				);
				MACOSX_DEPLOYMENT_TARGET = 14.0;
				PRODUCT_BUNDLE_IDENTIFIER = one.xjp.WiFiUsage.SystemBridge;
				PRODUCT_MODULE_NAME = SystemBridge;
				PRODUCT_NAME = SystemBridge;
				PUBLIC_HEADERS_FOLDER_PATH = include/SystemBridge;
				SDKROOT = macosx;
				SKIP_INSTALL = YES;
			};
			name = Debug;
		};
		1D2988CBF25D61FE2430F406 /* Debug */ = {
			isa = XCBuildConfiguration;
			buildSettings = {
				APPLICATION_EXTENSION_API_ONLY = YES;
				COMBINE_HIDPI_IMAGES = YES;
				DEFINES_MODULE = YES;
				LD_RUNPATH_SEARCH_PATHS = (
					"$(inherited)",
					"@executable_path/../Frameworks",
				);
				MACOSX_DEPLOYMENT_TARGET = 14.0;
				PRODUCT_MODULE_NAME = UsageCore;
				PRODUCT_NAME = UsageCore;
				SDKROOT = macosx;
				SKIP_INSTALL = YES;
			};
			name = Debug;
		};
		3A2A7AF4D33213F8A31B6F17 /* Debug */ = {
			isa = XCBuildConfiguration;
			buildSettings = {
				ASSETCATALOG_COMPILER_APPICON_NAME = AppIcon;
				ASSETCATALOG_COMPILER_GLOBAL_ACCENT_COLOR_NAME = AccentColor;
				CODE_SIGN_ENTITLEMENTS = Config/WiFiUsage.entitlements;
				COMBINE_HIDPI_IMAGES = YES;
				ENABLE_APP_SANDBOX = NO;
				GENERATE_INFOPLIST_FILE = NO;
				INFOPLIST_FILE = "Config/WiFiUsage-Info.plist";
				LD_RUNPATH_SEARCH_PATHS = (
					"$(inherited)",
					"@executable_path/../Frameworks",
				);
				MACOSX_DEPLOYMENT_TARGET = 14.0;
				OTHER_LDFLAGS = (
					"$(inherited)",
					"-ObjC",
				);
				PRODUCT_BUNDLE_IDENTIFIER = one.xjp.WiFiUsage;
				PRODUCT_NAME = WiFiUsage;
				SDKROOT = macosx;
				SKIP_INSTALL = NO;
			};
			name = Debug;
		};
		538C744C5C57A97EFAB7FA95 /* Debug */ = {
			isa = XCBuildConfiguration;
			buildSettings = {
				BUNDLE_LOADER = "";
				COMBINE_HIDPI_IMAGES = YES;
				GENERATE_INFOPLIST_FILE = YES;
				LD_RUNPATH_SEARCH_PATHS = (
					"$(inherited)",
					"@executable_path/../Frameworks",
					"@loader_path/../Frameworks",
				);
				MACOSX_DEPLOYMENT_TARGET = 14.0;
				OTHER_LDFLAGS = (
					"$(inherited)",
					"-ObjC",
				);
				PRODUCT_BUNDLE_IDENTIFIER = one.xjp.WiFiUsage.UsageCoreTests;
				PRODUCT_NAME = UsageCoreTests;
				SDKROOT = macosx;
				SKIP_INSTALL = YES;
				TEST_HOST = "";
			};
			name = Debug;
		};
		549921EE48175C7C1880E8D6 /* Release */ = {
			isa = XCBuildConfiguration;
			buildSettings = {
				ASSETCATALOG_COMPILER_APPICON_NAME = AppIcon;
				ASSETCATALOG_COMPILER_GLOBAL_ACCENT_COLOR_NAME = AccentColor;
				CODE_SIGN_ENTITLEMENTS = Config/WiFiUsage.entitlements;
				CODE_SIGN_IDENTITY = "Apple Development";
				CODE_SIGN_STYLE = Automatic;
				COMBINE_HIDPI_IMAGES = YES;
				ENABLE_APP_SANDBOX = NO;
				GENERATE_INFOPLIST_FILE = NO;
				INFOPLIST_FILE = "Config/WiFiUsage-Info.plist";
				LD_RUNPATH_SEARCH_PATHS = (
					"$(inherited)",
					"@executable_path/../Frameworks",
				);
				MACOSX_DEPLOYMENT_TARGET = 14.0;
				OTHER_LDFLAGS = (
					"$(inherited)",
					"-ObjC",
				);
				PRODUCT_BUNDLE_IDENTIFIER = one.xjp.WiFiUsage;
				PRODUCT_NAME = WiFiUsage;
				SDKROOT = macosx;
				SKIP_INSTALL = NO;
			};
			name = Release;
		};
		95AC5DA190138EC3CC40D011 /* Release */ = {
			isa = XCBuildConfiguration;
			buildSettings = {
				ALWAYS_SEARCH_USER_PATHS = NO;
				CLANG_ANALYZER_NONNULL = YES;
				CLANG_ANALYZER_NUMBER_OBJECT_CONVERSION = YES_AGGRESSIVE;
				CLANG_CXX_LANGUAGE_STANDARD = "gnu++14";
				CLANG_CXX_LIBRARY = "libc++";
				CLANG_ENABLE_MODULES = YES;
				CLANG_ENABLE_OBJC_ARC = YES;
				CLANG_ENABLE_OBJC_WEAK = YES;
				CLANG_WARN_BLOCK_CAPTURE_AUTORELEASING = YES;
				CLANG_WARN_BOOL_CONVERSION = YES;
				CLANG_WARN_COMMA = YES;
				CLANG_WARN_CONSTANT_CONVERSION = YES;
				CLANG_WARN_DEPRECATED_OBJC_IMPLEMENTATIONS = YES;
				CLANG_WARN_DIRECT_OBJC_ISA_USAGE = YES_ERROR;
				CLANG_WARN_DOCUMENTATION_COMMENTS = YES;
				CLANG_WARN_EMPTY_BODY = YES;
				CLANG_WARN_ENUM_CONVERSION = YES;
				CLANG_WARN_INFINITE_RECURSION = YES;
				CLANG_WARN_INT_CONVERSION = YES;
				CLANG_WARN_NON_LITERAL_NULL_CONVERSION = YES;
				CLANG_WARN_OBJC_IMPLICIT_RETAIN_SELF = YES;
				CLANG_WARN_OBJC_LITERAL_CONVERSION = YES;
				CLANG_WARN_OBJC_ROOT_CLASS = YES_ERROR;
				CLANG_WARN_QUOTED_INCLUDE_IN_FRAMEWORK_HEADER = YES;
				CLANG_WARN_RANGE_LOOP_ANALYSIS = YES;
				CLANG_WARN_STRICT_PROTOTYPES = YES;
				CLANG_WARN_SUSPICIOUS_MOVE = YES;
				CLANG_WARN_UNGUARDED_AVAILABILITY = YES_AGGRESSIVE;
				CLANG_WARN_UNREACHABLE_CODE = YES;
				CLANG_WARN__DUPLICATE_METHOD_MATCH = YES;
				CODE_SIGNING_ALLOWED = YES;
				CODE_SIGNING_REQUIRED = YES;
				CODE_SIGN_IDENTITY = "-";
				CODE_SIGN_INJECT_BASE_ENTITLEMENTS = NO;
				CODE_SIGN_STYLE = Manual;
				COPY_PHASE_STRIP = NO;
				DEBUG_INFORMATION_FORMAT = "dwarf-with-dsym";
				ENABLE_HARDENED_RUNTIME = YES;
				ENABLE_NS_ASSERTIONS = NO;
				ENABLE_STRICT_OBJC_MSGSEND = YES;
				ENABLE_USER_SCRIPT_SANDBOXING = NO;
				GCC_C_LANGUAGE_STANDARD = gnu11;
				GCC_NO_COMMON_BLOCKS = YES;
				GCC_WARN_64_TO_32_BIT_CONVERSION = YES;
				GCC_WARN_ABOUT_RETURN_TYPE = YES_ERROR;
				GCC_WARN_UNDECLARED_SELECTOR = YES;
				GCC_WARN_UNINITIALIZED_AUTOS = YES_AGGRESSIVE;
				GCC_WARN_UNUSED_FUNCTION = YES;
				GCC_WARN_UNUSED_VARIABLE = YES;
				MACOSX_DEPLOYMENT_TARGET = 14.0;
				MTL_ENABLE_DEBUG_INFO = NO;
				MTL_FAST_MATH = YES;
				PRODUCT_NAME = "$(TARGET_NAME)";
				SDKROOT = macosx;
				SWIFT_COMPILATION_MODE = wholemodule;
				SWIFT_OPTIMIZATION_LEVEL = "-O";
				SWIFT_VERSION = 6.0;
			};
			name = Release;
		};
		9710FDE3249D9F3AF8D624B2 /* Release */ = {
			isa = XCBuildConfiguration;
			buildSettings = {
				APPLICATION_EXTENSION_API_ONLY = YES;
				COMBINE_HIDPI_IMAGES = YES;
				DEFINES_MODULE = YES;
				LD_RUNPATH_SEARCH_PATHS = (
					"$(inherited)",
					"@executable_path/../Frameworks",
				);
				MACOSX_DEPLOYMENT_TARGET = 14.0;
				PRODUCT_MODULE_NAME = UsageCore;
				PRODUCT_NAME = UsageCore;
				SDKROOT = macosx;
				SKIP_INSTALL = YES;
			};
			name = Release;
		};
		DCBEFC9535458627BF86A404 /* Debug */ = {
			isa = XCBuildConfiguration;
			buildSettings = {
				ALWAYS_SEARCH_USER_PATHS = NO;
				CLANG_ANALYZER_NONNULL = YES;
				CLANG_ANALYZER_NUMBER_OBJECT_CONVERSION = YES_AGGRESSIVE;
				CLANG_CXX_LANGUAGE_STANDARD = "gnu++14";
				CLANG_CXX_LIBRARY = "libc++";
				CLANG_ENABLE_MODULES = YES;
				CLANG_ENABLE_OBJC_ARC = YES;
				CLANG_ENABLE_OBJC_WEAK = YES;
				CLANG_WARN_BLOCK_CAPTURE_AUTORELEASING = YES;
				CLANG_WARN_BOOL_CONVERSION = YES;
				CLANG_WARN_COMMA = YES;
				CLANG_WARN_CONSTANT_CONVERSION = YES;
				CLANG_WARN_DEPRECATED_OBJC_IMPLEMENTATIONS = YES;
				CLANG_WARN_DIRECT_OBJC_ISA_USAGE = YES_ERROR;
				CLANG_WARN_DOCUMENTATION_COMMENTS = YES;
				CLANG_WARN_EMPTY_BODY = YES;
				CLANG_WARN_ENUM_CONVERSION = YES;
				CLANG_WARN_INFINITE_RECURSION = YES;
				CLANG_WARN_INT_CONVERSION = YES;
				CLANG_WARN_NON_LITERAL_NULL_CONVERSION = YES;
				CLANG_WARN_OBJC_IMPLICIT_RETAIN_SELF = YES;
				CLANG_WARN_OBJC_LITERAL_CONVERSION = YES;
				CLANG_WARN_OBJC_ROOT_CLASS = YES_ERROR;
				CLANG_WARN_QUOTED_INCLUDE_IN_FRAMEWORK_HEADER = YES;
				CLANG_WARN_RANGE_LOOP_ANALYSIS = YES;
				CLANG_WARN_STRICT_PROTOTYPES = YES;
				CLANG_WARN_SUSPICIOUS_MOVE = YES;
				CLANG_WARN_UNGUARDED_AVAILABILITY = YES_AGGRESSIVE;
				CLANG_WARN_UNREACHABLE_CODE = YES;
				CLANG_WARN__DUPLICATE_METHOD_MATCH = YES;
				CODE_SIGN_IDENTITY = "-";
				CODE_SIGN_STYLE = Manual;
				COPY_PHASE_STRIP = NO;
				DEBUG_INFORMATION_FORMAT = dwarf;
				ENABLE_STRICT_OBJC_MSGSEND = YES;
				ENABLE_TESTABILITY = YES;
				ENABLE_USER_SCRIPT_SANDBOXING = NO;
				GCC_C_LANGUAGE_STANDARD = gnu11;
				GCC_DYNAMIC_NO_PIC = NO;
				GCC_NO_COMMON_BLOCKS = YES;
				GCC_OPTIMIZATION_LEVEL = 0;
				GCC_PREPROCESSOR_DEFINITIONS = (
					"$(inherited)",
					"DEBUG=1",
				);
				GCC_WARN_64_TO_32_BIT_CONVERSION = YES;
				GCC_WARN_ABOUT_RETURN_TYPE = YES_ERROR;
				GCC_WARN_UNDECLARED_SELECTOR = YES;
				GCC_WARN_UNINITIALIZED_AUTOS = YES_AGGRESSIVE;
				GCC_WARN_UNUSED_FUNCTION = YES;
				GCC_WARN_UNUSED_VARIABLE = YES;
				MACOSX_DEPLOYMENT_TARGET = 14.0;
				MTL_ENABLE_DEBUG_INFO = INCLUDE_SOURCE;
				MTL_FAST_MATH = YES;
				ONLY_ACTIVE_ARCH = YES;
				PRODUCT_NAME = "$(TARGET_NAME)";
				SDKROOT = macosx;
				SWIFT_ACTIVE_COMPILATION_CONDITIONS = DEBUG;
				SWIFT_OPTIMIZATION_LEVEL = "-Onone";
				SWIFT_VERSION = 6.0;
			};
			name = Debug;
		};
/* End XCBuildConfiguration section */

/* Begin XCConfigurationList section */
		15D4521AD04CCFA4566ACCB7 /* Build configuration list for PBXNativeTarget "SystemBridge" */ = {
			isa = XCConfigurationList;
			buildConfigurations = (
				1C7DECAB41C8E6D6784DA16B /* Debug */,
				0D974F4D679DF4ECBCFB53A2 /* Release */,
			);
			defaultConfigurationIsVisible = 0;
			defaultConfigurationName = Debug;
		};
		275ADEBE397A7BAA3586B4E4 /* Build configuration list for PBXProject "WiFiUsage" */ = {
			isa = XCConfigurationList;
			buildConfigurations = (
				DCBEFC9535458627BF86A404 /* Debug */,
				95AC5DA190138EC3CC40D011 /* Release */,
			);
			defaultConfigurationIsVisible = 0;
			defaultConfigurationName = Debug;
		};
		2CAEF639346A77C7046C833E /* Build configuration list for PBXNativeTarget "WiFiUsage" */ = {
			isa = XCConfigurationList;
			buildConfigurations = (
				3A2A7AF4D33213F8A31B6F17 /* Debug */,
				549921EE48175C7C1880E8D6 /* Release */,
			);
			defaultConfigurationIsVisible = 0;
			defaultConfigurationName = Debug;
		};
		4EEA91716204B96334D673C4 /* Build configuration list for PBXNativeTarget "UsageCore" */ = {
			isa = XCConfigurationList;
			buildConfigurations = (
				1D2988CBF25D61FE2430F406 /* Debug */,
				9710FDE3249D9F3AF8D624B2 /* Release */,
			);
			defaultConfigurationIsVisible = 0;
			defaultConfigurationName = Debug;
		};
		C68B66937036B269B58492BC /* Build configuration list for PBXNativeTarget "UsageCoreTests" */ = {
			isa = XCConfigurationList;
			buildConfigurations = (
				538C744C5C57A97EFAB7FA95 /* Debug */,
				1B9F1EA01F0013ECFB53EA0B /* Release */,
			);
			defaultConfigurationIsVisible = 0;
			defaultConfigurationName = Debug;
		};
/* End XCConfigurationList section */
	};
	rootObject = 68A8C7ADFFA269552411677F /* Project object */;
}
